# THIS IS AN AUTOGENERATED FILE. DO NOT EDIT THIS FILE DIRECTLY.
# yarn lockfile v1


"@ledgerhq/devices@^4.72.1":
  version "4.72.1"
  resolved "https://registry.yarnpkg.com/@ledgerhq/devices/-/devices-4.72.1.tgz#725c89c434ce764a30bfb1c14df6e3a5066f8427"
  integrity sha512-Y0b6mMMawsTaq+xfze11CPiDN++Yq6TUz0THb9xp+KB+77F7fs5A1A0q+MKoISg7rlgKF9IWsWtc5aQIuOOewQ==
  dependencies:
    "@ledgerhq/errors" "^4.72.1"
    "@ledgerhq/logs" "^4.72.0"
    rxjs "^6.5.3"

"@ledgerhq/errors@^4.72.1":
  version "4.72.1"
  resolved "https://registry.yarnpkg.com/@ledgerhq/errors/-/errors-4.72.1.tgz#de2d0390476078d5bd5a0659dae796f36ed3970a"
  integrity sha512-zzxy/pGSLPBkd9RJXhiQj53lsx4c3vMFMy0rMymhnKcBZboI+uD2E7WOToHvxtY34jka9vnH/ySjUIB/Ytvyzg==

"@ledgerhq/hw-transport-node-hid@4.24.0":
  version "4.24.0"
  resolved "https://registry.yarnpkg.com/@ledgerhq/hw-transport-node-hid/-/hw-transport-node-hid-4.24.0.tgz#8457969d66819e8f7f50d5dd96527ab26cd3787d"
  integrity sha512-RA3ZlRM+6y/XL/sAFKUpuLIU5tsmEpDBwJEBKC+qdzG508Vl/kBJDMuQyo6pmx/YcKZrtjfKiXXQEXP9Fgk75w==
  dependencies:
    "@ledgerhq/hw-transport" "^4.24.0"
    lodash "^4.17.11"
    node-hid "^0.7.2"
    usb "^1.3.3"

"@ledgerhq/hw-transport@4.24.0":
  version "4.24.0"
  resolved "https://registry.yarnpkg.com/@ledgerhq/hw-transport/-/hw-transport-4.24.0.tgz#8def925d8c2e1f73d15128d9e27ead729870be58"
  integrity sha512-L34TG1Ss7goRB+5BxtvBwUuu0CmDSIxS33oUqkpEy6rCs31k7XicV48iUGAnRnt8hNY2DvJ9WFyaOroUE9h6wQ==
  dependencies:
    events "^3.0.0"

"@ledgerhq/hw-transport@^4.24.0":
  version "4.72.1"
  resolved "https://registry.yarnpkg.com/@ledgerhq/hw-transport/-/hw-transport-4.72.1.tgz#431be99e883c71be6fc6bd7480902bcd41ae24a0"
  integrity sha512-6RBiDALBiVfBWK6zaZzhVj/jPZR4vEfxfRvh8iDerxYhcFY/uVVbQkoegt6dBtCX0q5T4nDLAWp5jqV8j0dcZw==
  dependencies:
    "@ledgerhq/devices" "^4.72.1"
    "@ledgerhq/errors" "^4.72.1"
    events "^3.0.0"

"@ledgerhq/logs@^4.72.0":
  version "4.72.0"
  resolved "https://registry.yarnpkg.com/@ledgerhq/logs/-/logs-4.72.0.tgz#43df23af013ad1135407e5cf33ca6e4c4c7708d5"
  integrity sha512-o+TYF8vBcyySRsb2kqBDv/KMeme8a2nwWoG+lAWzbDmWfb2/MrVWYCVYDYvjXdSoI/Cujqy1i0gIDrkdxa9chA==

"@types/node@11.11.6":
  version "11.11.6"
  resolved "https://registry.yarnpkg.com/@types/node/-/node-11.11.6.tgz#df929d1bb2eee5afdda598a41930fe50b43eaa6a"
  integrity sha512-Exw4yUWMBXM3X+8oqzJNRqZSwUAaS4+7NdvHqQuFi/d+synz++xmX3QIf+BFqneW8N31R8Ky+sikfZUXq07ggQ==

ansi-regex@^2.0.0:
  version "2.1.1"
  resolved "https://registry.yarnpkg.com/ansi-regex/-/ansi-regex-2.1.1.tgz#c3b33ab5ee360d86e0e628f0468ae7ef27d654df"
  integrity sha1-w7M6te42DYbg5ijwRorn7yfWVN8=

ansi-regex@^3.0.0:
  version "3.0.0"
  resolved "https://registry.yarnpkg.com/ansi-regex/-/ansi-regex-3.0.0.tgz#ed0317c322064f79466c02966bddb605ab37d998"
  integrity sha1-7QMXwyIGT3lGbAKWa922Bas32Zg=

aproba@^1.0.3:
  version "1.2.0"
  resolved "https://registry.yarnpkg.com/aproba/-/aproba-1.2.0.tgz#6802e6264efd18c790a1b0d517f0f2627bf2c94a"
  integrity sha512-Y9J6ZjXtoYh8RnXVCMOU/ttDmk1aBjunq9vO0ta5x85WDQiQfUF9sIPBITdbiiIVcBo03Hi3jMxigBtsddlXRw==

are-we-there-yet@~1.1.2:
  version "1.1.5"
  resolved "https://registry.yarnpkg.com/are-we-there-yet/-/are-we-there-yet-1.1.5.tgz#4b35c2944f062a8bfcda66410760350fe9ddfc21"
  integrity sha512-5hYdAkZlcG8tOLujVDTgCT+uPX0VnpAH28gWsLfzpXYm7wP6mp5Q/gYyR7YQ0cKVJcXJnl3j2kpBan13PtQf6w==
  dependencies:
    delegates "^1.0.0"
    readable-stream "^2.0.6"

assert-plus@^1.0.0:
  version "1.0.0"
  resolved "https://registry.yarnpkg.com/assert-plus/-/assert-plus-1.0.0.tgz#f12e0f3c5d77b0b1cdd9146942e4e96c1e4dd525"
  integrity sha1-8S4PPF13sLHN2RRpQuTpbB5N1SU=

aws-sdk@^2.533.0:
  version "2.550.0"
  resolved "https://registry.yarnpkg.com/aws-sdk/-/aws-sdk-2.550.0.tgz#00a0113f4efbe7c068ac73459c77c39a32390a87"
  integrity sha512-eZQYY7O6VJeVQvBWnctOOTOO/+aTXhy23+T7QU1FcHfuvWV7K+7+7Uats9rgMS42SQ4R8q1cIZZ1InWnmmfrEw==
  dependencies:
    buffer "4.9.1"
    events "1.1.1"
    ieee754 "1.1.13"
    jmespath "0.15.0"
    querystring "0.2.0"
    sax "1.2.1"
    url "0.10.3"
    uuid "3.3.2"
    xml2js "0.4.19"

babel-runtime@6.26.0:
  version "6.26.0"
  resolved "https://registry.yarnpkg.com/babel-runtime/-/babel-runtime-6.26.0.tgz#965c7058668e82b55d7bfe04ff2337bc8b5647fe"
  integrity sha1-llxwWGaOgrVde/4E/yM3vItWR/4=
  dependencies:
    core-js "^2.4.0"
    regenerator-runtime "^0.11.0"

"base-n@git+https://github.com/yourcodesucks/base-n.git":
  version "1.0.0"
  resolved "git+https://github.com/yourcodesucks/base-n.git#9d983f475c7396fbdc2fcbbc35b4821f0deeaa25"
  dependencies:
    dashdash "^1.14.1"

base-x@^3.0.2:
  version "3.0.7"
  resolved "https://registry.yarnpkg.com/base-x/-/base-x-3.0.7.tgz#1c5a7fafe8f66b4114063e8da102799d4e7c408f"
  integrity sha512-zAKJGuQPihXW22fkrfOclUUZXM2g92z5GzlSMHxhO6r6Qj+Nm0ccaGNBzDZojzwOMkpjAv4J0fOv1U4go+a4iw==
  dependencies:
    safe-buffer "^5.0.1"

base64-js@^1.0.2:
  version "1.3.1"
  resolved "https://registry.yarnpkg.com/base64-js/-/base64-js-1.3.1.tgz#58ece8cb75dd07e71ed08c736abc5fac4dbf8df1"
  integrity sha512-mLQ4i2QO1ytvGWFWmcngKO//JXAQueZvwEKtjgQFM4jIK0kU+ytMfplL8j+n5mspOfjHwoAg+9yhb7BwAHm36g==

big-integer@^1.6.47:
  version "1.6.47"
  resolved "https://registry.yarnpkg.com/big-integer/-/big-integer-1.6.47.tgz#e1e9320e26c4cc81f64fbf4b3bb20e025bf18e2d"
  integrity sha512-9t9f7X3as2XGX8b52GqG6ox0GvIdM86LyIXASJnDCFhYNgt+A+MByQZ3W2PyMRZjEvG5f8TEbSPfEotVuMJnQg==

bindings@^1.4.0, bindings@^1.5.0:
  version "1.5.0"
  resolved "https://registry.yarnpkg.com/bindings/-/bindings-1.5.0.tgz#10353c9e945334bc0511a6d90b38fbc7c9c504df"
  integrity sha512-p2q/t/mhvuOj/UeLlV6566GD/guowlr0hHxClI0W9m7MWYkL1F0hLo+0Aexs9HSPCtR1SXQ0TD3MMKrXZajbiQ==
  dependencies:
    file-uri-to-path "1.0.0"

bip32-path@^0.4.2:
  version "0.4.2"
  resolved "https://registry.yarnpkg.com/bip32-path/-/bip32-path-0.4.2.tgz#5db0416ad6822712f077836e2557b8697c0c7c99"
  integrity sha1-XbBBataCJxLwd4NuJVe4aXwMfJk=

bip39@^3.0.2:
  version "3.0.2"
  resolved "https://registry.yarnpkg.com/bip39/-/bip39-3.0.2.tgz#2baf42ff3071fc9ddd5103de92e8f80d9257ee32"
  integrity sha512-J4E1r2N0tUylTKt07ibXvhpT2c5pyAFgvuA5q1H9uDy6dEGpjV8jmymh3MTYJDLCNbIVClSB9FbND49I6N24MQ==
  dependencies:
    "@types/node" "11.11.6"
    create-hash "^1.1.0"
    pbkdf2 "^3.0.9"
    randombytes "^2.0.1"

bl@^3.0.0:
  version "3.0.0"
  resolved "https://registry.yarnpkg.com/bl/-/bl-3.0.0.tgz#3611ec00579fd18561754360b21e9f784500ff88"
  integrity sha512-EUAyP5UHU5hxF8BPT0LKW8gjYLhq1DQIcneOX/pL/m2Alo+OYDQAJlHq+yseMP50Os2nHXOSic6Ss3vSQeyf4A==
  dependencies:
    readable-stream "^3.0.1"

blakejs@^1.1.0:
  version "1.1.0"
  resolved "https://registry.yarnpkg.com/blakejs/-/blakejs-1.1.0.tgz#69df92ef953aa88ca51a32df6ab1c54a155fc7a5"
  integrity sha1-ad+S75U6qIylGjLfarHFShVfx6U=

bs58@^4.0.0:
  version "4.0.1"
  resolved "https://registry.yarnpkg.com/bs58/-/bs58-4.0.1.tgz#be161e76c354f6f788ae4071f63f34e8c4f0a42a"
  integrity sha1-vhYedsNU9veIrkBx9j806MTwpCo=
  dependencies:
    base-x "^3.0.2"

bs58check@^2.1.2:
  version "2.1.2"
  resolved "https://registry.yarnpkg.com/bs58check/-/bs58check-2.1.2.tgz#53b018291228d82a5aa08e7d796fdafda54aebfc"
  integrity sha512-0TS1jicxdU09dwJMNZtVAfzPi6Q6QeN0pM1Fkzrjn+XYHvzMKPU3pHVpva+769iNVSfIYWf7LJ6WR+BuuMf8cA==
  dependencies:
    bs58 "^4.0.0"
    create-hash "^1.1.0"
    safe-buffer "^5.1.2"

buffer@4.9.1:
  version "4.9.1"
  resolved "https://registry.yarnpkg.com/buffer/-/buffer-4.9.1.tgz#6d1bb601b07a4efced97094132093027c95bc298"
  integrity sha1-bRu2AbB6TvztlwlBMgkwJ8lbwpg=
  dependencies:
    base64-js "^1.0.2"
    ieee754 "^1.1.4"
    isarray "^1.0.0"

chownr@^1.1.1:
  version "1.1.3"
  resolved "https://registry.yarnpkg.com/chownr/-/chownr-1.1.3.tgz#42d837d5239688d55f303003a508230fa6727142"
  integrity sha512-i70fVHhmV3DtTl6nqvZOnIjbY0Pe4kAUjwHj8z0zAdgBtYrJyYwLKCCuRBQ5ppkyL0AkN7HKRnETdmdp1zqNXw==

cipher-base@^1.0.1, cipher-base@^1.0.3:
  version "1.0.4"
  resolved "https://registry.yarnpkg.com/cipher-base/-/cipher-base-1.0.4.tgz#8760e4ecc272f4c363532f926d874aae2c1397de"
  integrity sha512-Kkht5ye6ZGmwv40uUDZztayT2ThLQGfnj/T71N/XzeZeo3nf8foyW7zGTsPYkEya3m5f3cAypH+qe7YOrM1U2Q==
  dependencies:
    inherits "^2.0.1"
    safe-buffer "^5.0.1"

code-point-at@^1.0.0:
  version "1.1.0"
  resolved "https://registry.yarnpkg.com/code-point-at/-/code-point-at-1.1.0.tgz#0d070b4d043a5bea33a2f1a40e2edb3d9a4ccf77"
  integrity sha1-DQcLTQQ6W+ozovGkDi7bPZpMz3c=

commander@^2.19.0:
  version "2.20.3"
  resolved "https://registry.yarnpkg.com/commander/-/commander-2.20.3.tgz#fd485e84c03eb4881c20722ba48035e8531aeb33"
  integrity sha512-GpVkmM8vF2vQUkj2LvZmD35JxeJOLCwJ9cUkugyk2nuhbv3+mJvpLYYt+0+USMxE+oj+ey/lJEnhZw75x/OMcQ==

"conseiljs@file:../../../ConseilJS/conseiljs-0.3.3-alpha.tgz":
  version "0.3.3-alpha"
  resolved "file:../../../ConseilJS/conseiljs-0.3.3-alpha.tgz#b82bfd50f00cb5fd2ae03553b91c2253929d295a"
  dependencies:
    "@ledgerhq/hw-transport" "4.24.0"
    "@ledgerhq/hw-transport-node-hid" "4.24.0"
    aws-sdk "^2.533.0"
    babel-runtime "6.26.0"
    base-n "git+https://github.com/yourcodesucks/base-n.git"
    big-integer "^1.6.47"
    bip32-path "^0.4.2"
    bip39 "^3.0.2"
    blakejs "^1.1.0"
    bs58check "^2.1.2"
    https "^1.0.0"
    libsodium-wrappers-sumo "0.7.5"
    loglevel "^1.6.6"
    moo "0.5.0"
    nearley "2.18.0"
    node-fetch "^2.6.0"
    zxcvbn "^4.4.2"

console-control-strings@^1.0.0, console-control-strings@~1.1.0:
  version "1.1.0"
  resolved "https://registry.yarnpkg.com/console-control-strings/-/console-control-strings-1.1.0.tgz#3d7cf4464db6446ea644bf4b39507f9851008e8e"
  integrity sha1-PXz0Rk22RG6mRL9LOVB/mFEAjo4=

core-js@^2.4.0:
  version "2.6.10"
  resolved "https://registry.yarnpkg.com/core-js/-/core-js-2.6.10.tgz#8a5b8391f8cc7013da703411ce5b585706300d7f"
  integrity sha512-I39t74+4t+zau64EN1fE5v2W31Adtc/REhzWN+gWRRXg6WH5qAsZm62DHpQ1+Yhe4047T55jvzz7MUqF/dBBlA==

core-util-is@~1.0.0:
  version "1.0.2"
  resolved "https://registry.yarnpkg.com/core-util-is/-/core-util-is-1.0.2.tgz#b5fd54220aa2bc5ab57aab7140c940754503c1a7"
  integrity sha1-tf1UIgqivFq1eqtxQMlAdUUDwac=

create-hash@^1.1.0, create-hash@^1.1.2:
  version "1.2.0"
  resolved "https://registry.yarnpkg.com/create-hash/-/create-hash-1.2.0.tgz#889078af11a63756bcfb59bd221996be3a9ef196"
  integrity sha512-z00bCGNHDG8mHAkP7CtT1qVu+bFQUPjYq/4Iv3C3kWjTFV10zIjfSoeqXo9Asws8gwSHDGj/hl2u4OGIjapeCg==
  dependencies:
    cipher-base "^1.0.1"
    inherits "^2.0.1"
    md5.js "^1.3.4"
    ripemd160 "^2.0.1"
    sha.js "^2.4.0"

create-hmac@^1.1.4:
  version "1.1.7"
  resolved "https://registry.yarnpkg.com/create-hmac/-/create-hmac-1.1.7.tgz#69170c78b3ab957147b2b8b04572e47ead2243ff"
  integrity sha512-MJG9liiZ+ogc4TzUwuvbER1JRdgvUFSB5+VR/g5h82fGaIRWMWddtKBHi7/sVhfjQZ6SehlyhvQYrcYkaUIpLg==
  dependencies:
    cipher-base "^1.0.3"
    create-hash "^1.1.0"
    inherits "^2.0.1"
    ripemd160 "^2.0.0"
    safe-buffer "^5.0.1"
    sha.js "^2.4.8"

dashdash@^1.14.1:
  version "1.14.1"
  resolved "https://registry.yarnpkg.com/dashdash/-/dashdash-1.14.1.tgz#853cfa0f7cbe2fed5de20326b8dd581035f6e2f0"
  integrity sha1-hTz6D3y+L+1d4gMmuN1YEDX24vA=
  dependencies:
    assert-plus "^1.0.0"

decompress-response@^4.2.0:
  version "4.2.1"
  resolved "https://registry.yarnpkg.com/decompress-response/-/decompress-response-4.2.1.tgz#414023cc7a302da25ce2ec82d0d5238ccafd8986"
  integrity sha512-jOSne2qbyE+/r8G1VU+G/82LBs2Fs4LAsTiLSHOCOMZQl2OKZ6i8i4IyHemTe+/yIXOtTcRQMzPcgyhoFlqPkw==
  dependencies:
    mimic-response "^2.0.0"

deep-extend@^0.6.0:
  version "0.6.0"
  resolved "https://registry.yarnpkg.com/deep-extend/-/deep-extend-0.6.0.tgz#c4fa7c95404a17a9c3e8ca7e1537312b736330ac"
  integrity sha512-LOHxIOaPYdHlJRtCQfDIVZtfw/ufM8+rVj649RIHzcm/vGwQRXFt6OPqIFWsm2XEMrNIEtWR64sY1LEKD2vAOA==

delegates@^1.0.0:
  version "1.0.0"
  resolved "https://registry.yarnpkg.com/delegates/-/delegates-1.0.0.tgz#84c6e159b81904fdca59a0ef44cd870d31250f9a"
  integrity sha1-hMbhWbgZBP3KWaDvRM2HDTElD5o=

detect-libc@^1.0.3:
  version "1.0.3"
  resolved "https://registry.yarnpkg.com/detect-libc/-/detect-libc-1.0.3.tgz#fa137c4bd698edf55cd5cd02ac559f91a4c4ba9b"
  integrity sha1-+hN8S9aY7fVc1c0CrFWfkaTEups=

discontinuous-range@1.0.0:
  version "1.0.0"
  resolved "https://registry.yarnpkg.com/discontinuous-range/-/discontinuous-range-1.0.0.tgz#e38331f0844bba49b9a9cb71c771585aab1bc65a"
  integrity sha1-44Mx8IRLukm5qctxx3FYWqsbxlo=

end-of-stream@^1.1.0, end-of-stream@^1.4.1:
  version "1.4.4"
  resolved "https://registry.yarnpkg.com/end-of-stream/-/end-of-stream-1.4.4.tgz#5ae64a5f45057baf3626ec14da0ca5e4b2431eb0"
  integrity sha512-+uw1inIHVPQoaVuHzRyXd21icM+cnt4CzD5rW+NC1wjOUSTOs+Te7FOv7AhN7vS9x/oIyhLP5PR1H+phQAHu5Q==
  dependencies:
    once "^1.4.0"

events@1.1.1:
  version "1.1.1"
  resolved "https://registry.yarnpkg.com/events/-/events-1.1.1.tgz#9ebdb7635ad099c70dcc4c2a1f5004288e8bd924"
  integrity sha1-nr23Y1rQmccNzEwqH1AEKI6L2SQ=

events@^3.0.0:
  version "3.0.0"
  resolved "https://registry.yarnpkg.com/events/-/events-3.0.0.tgz#9a0a0dfaf62893d92b875b8f2698ca4114973e88"
  integrity sha512-Dc381HFWJzEOhQ+d8pkNon++bk9h6cdAoAj4iE6Q4y6xgTzySWXlKn05/TVNpjnfRqi/X0EpJEJohPjNI3zpVA==

expand-template@^2.0.3:
  version "2.0.3"
  resolved "https://registry.yarnpkg.com/expand-template/-/expand-template-2.0.3.tgz#6e14b3fcee0f3a6340ecb57d2e8918692052a47c"
  integrity sha512-XYfuKMvj4O35f/pOXLObndIRvyQ+/+6AhODh+OKWj9S9498pHHn/IMszH+gt0fBCRWMNfk1ZSp5x3AifmnI2vg==

file-uri-to-path@1.0.0:
  version "1.0.0"
  resolved "https://registry.yarnpkg.com/file-uri-to-path/-/file-uri-to-path-1.0.0.tgz#553a7b8446ff6f684359c445f1e37a05dacc33dd"
  integrity sha512-0Zt+s3L7Vf1biwWZ29aARiVYLx7iMGnEUl9x33fbB/j3jR81u/O2LbqK+Bm1CDSNDKVtJ/YjwY7TUd5SkeLQLw==

fs-constants@^1.0.0:
  version "1.0.0"
  resolved "https://registry.yarnpkg.com/fs-constants/-/fs-constants-1.0.0.tgz#6be0de9be998ce16af8afc24497b9ee9b7ccd9ad"
  integrity sha512-y6OAwoSIf7FyjMIv94u+b5rdheZEjzR63GTyZJm5qh4Bi+2YgwLCcI/fPFZkL5PSixOt6ZNKm+w+Hfp/Bciwow==

gauge@~2.7.3:
  version "2.7.4"
  resolved "https://registry.yarnpkg.com/gauge/-/gauge-2.7.4.tgz#2c03405c7538c39d7eb37b317022e325fb018bf7"
  integrity sha1-LANAXHU4w51+s3sxcCLjJfsBi/c=
  dependencies:
    aproba "^1.0.3"
    console-control-strings "^1.0.0"
    has-unicode "^2.0.0"
    object-assign "^4.1.0"
    signal-exit "^3.0.0"
    string-width "^1.0.1"
    strip-ansi "^3.0.1"
    wide-align "^1.1.0"

github-from-package@0.0.0:
  version "0.0.0"
  resolved "https://registry.yarnpkg.com/github-from-package/-/github-from-package-0.0.0.tgz#97fb5d96bfde8973313f20e8288ef9a167fa64ce"
  integrity sha1-l/tdlr/eiXMxPyDoKI75oWf6ZM4=

has-unicode@^2.0.0:
  version "2.0.1"
  resolved "https://registry.yarnpkg.com/has-unicode/-/has-unicode-2.0.1.tgz#e0e6fe6a28cf51138855e086d1691e771de2a8b9"
  integrity sha1-4Ob+aijPUROIVeCG0Wkedx3iqLk=

hash-base@^3.0.0:
  version "3.0.4"
  resolved "https://registry.yarnpkg.com/hash-base/-/hash-base-3.0.4.tgz#5fc8686847ecd73499403319a6b0a3f3f6ae4918"
  integrity sha1-X8hoaEfs1zSZQDMZprCj8/auSRg=
  dependencies:
    inherits "^2.0.1"
    safe-buffer "^5.0.1"

https@^1.0.0:
  version "1.0.0"
  resolved "https://registry.yarnpkg.com/https/-/https-1.0.0.tgz#3c37c7ae1a8eeb966904a2ad1e975a194b7ed3a4"
  integrity sha1-PDfHrhqO65ZpBKKtHpdaGUt+06Q=

ieee754@1.1.13, ieee754@^1.1.4:
  version "1.1.13"
  resolved "https://registry.yarnpkg.com/ieee754/-/ieee754-1.1.13.tgz#ec168558e95aa181fd87d37f55c32bbcb6708b84"
  integrity sha512-4vf7I2LYV/HaWerSo3XmlMkp5eZ83i+/CDluXi/IGTs/O1sejBNhTtnxzmRZfvOUqj7lZjqHkeTvpgSFDlWZTg==

inherits@^2.0.1, inherits@^2.0.3, inherits@~2.0.3:
  version "2.0.4"
  resolved "https://registry.yarnpkg.com/inherits/-/inherits-2.0.4.tgz#0fa2c64f932917c3433a0ded55363aae37416b7c"
  integrity sha512-k/vGaX4/Yla3WzyMCvTQOXYeIHvqOKtnqBduzTHpzpQZzAskKMhZ2K+EnBiSM9zGSoIFeMpXKxa4dYeZIQqewQ==

ini@~1.3.0:
  version "1.3.5"
  resolved "https://registry.yarnpkg.com/ini/-/ini-1.3.5.tgz#eee25f56db1c9ec6085e0c22778083f596abf927"
  integrity sha512-RZY5huIKCMRWDUqZlEi72f/lmXKMvuszcMBduliQ3nnWbx9X/ZBQO7DijMEYS9EhHBb2qacRUMtC7svLwe0lcw==

is-fullwidth-code-point@^1.0.0:
  version "1.0.0"
  resolved "https://registry.yarnpkg.com/is-fullwidth-code-point/-/is-fullwidth-code-point-1.0.0.tgz#ef9e31386f031a7f0d643af82fde50c457ef00cb"
  integrity sha1-754xOG8DGn8NZDr4L95QxFfvAMs=
  dependencies:
    number-is-nan "^1.0.0"

is-fullwidth-code-point@^2.0.0:
  version "2.0.0"
  resolved "https://registry.yarnpkg.com/is-fullwidth-code-point/-/is-fullwidth-code-point-2.0.0.tgz#a3b30a5c4f199183167aaab93beefae3ddfb654f"
  integrity sha1-o7MKXE8ZkYMWeqq5O+764937ZU8=

isarray@^1.0.0, isarray@~1.0.0:
  version "1.0.0"
  resolved "https://registry.yarnpkg.com/isarray/-/isarray-1.0.0.tgz#bb935d48582cba168c06834957a54a3e07124f11"
  integrity sha1-u5NdSFgsuhaMBoNJV6VKPgcSTxE=

jmespath@0.15.0:
  version "0.15.0"
  resolved "https://registry.yarnpkg.com/jmespath/-/jmespath-0.15.0.tgz#a3f222a9aae9f966f5d27c796510e28091764217"
  integrity sha1-o/Iiqarp+Wb10nx5ZRDigJF2Qhc=

libsodium-sumo@0.7.5:
  version "0.7.5"
  resolved "https://registry.yarnpkg.com/libsodium-sumo/-/libsodium-sumo-0.7.5.tgz#0cd02ff2f59444c98d4bf9c9688b6533e2e41a67"
  integrity sha512-dMFGn0cPpvwyU8/tpI9xe/6U5U8D/rVcAuc908bpL9e8LH2dPO0n3jNatOLLdmhc2RxmEAQ+3ArkTZI/c9XdCQ==

libsodium-wrappers-sumo@0.7.5:
  version "0.7.5"
  resolved "https://registry.yarnpkg.com/libsodium-wrappers-sumo/-/libsodium-wrappers-sumo-0.7.5.tgz#f3e48e08ee287514a0f30af9c807120357fe50eb"
  integrity sha512-iKnBoRI6TagVZeD9lThftKRYYruwhNQY1g9AuM04OwA+kEy5LXTQPdy93clpnHp7AhMJ1V09mu57gmKYmgpSFA==
  dependencies:
    libsodium-sumo "0.7.5"

lodash@^4.17.11:
  version "4.17.15"
  resolved "https://registry.yarnpkg.com/lodash/-/lodash-4.17.15.tgz#b447f6670a0455bbfeedd11392eff330ea097548"
  integrity sha512-8xOcRHvCjnocdS5cpwXQXVzmmh5e5+saE2QGoeQmbKmRS6J3VQppPOIt0MnmE+4xlZoumy0GPG0D0MVIQbNA1A==

loglevel@^1.6.6:
  version "1.6.6"
  resolved "https://registry.yarnpkg.com/loglevel/-/loglevel-1.6.6.tgz#0ee6300cc058db6b3551fa1c4bf73b83bb771312"
  integrity sha512-Sgr5lbboAUBo3eXCSPL4/KoVz3ROKquOjcctxmHIt+vol2DrqTQe3SwkKKuYhEiWB5kYa13YyopJ69deJ1irzQ==

md5.js@^1.3.4:
  version "1.3.5"
  resolved "https://registry.yarnpkg.com/md5.js/-/md5.js-1.3.5.tgz#b5d07b8e3216e3e27cd728d72f70d1e6a342005f"
  integrity sha512-xitP+WxNPcTTOgnTJcrhM0xvdPepipPSf3I8EIpGKeFLjt3PlJLIDG3u8EX53ZIubkb+5U2+3rELYpEhHhzdkg==
  dependencies:
    hash-base "^3.0.0"
    inherits "^2.0.1"
    safe-buffer "^5.1.2"

mimic-response@^2.0.0:
  version "2.0.0"
  resolved "https://registry.yarnpkg.com/mimic-response/-/mimic-response-2.0.0.tgz#996a51c60adf12cb8a87d7fb8ef24c2f3d5ebb46"
  integrity sha512-8ilDoEapqA4uQ3TwS0jakGONKXVJqpy+RpM+3b7pLdOjghCrEiGp9SRkFbUHAmZW9vdnrENWHjaweIoTIJExSQ==

minimist@0.0.8:
  version "0.0.8"
  resolved "https://registry.yarnpkg.com/minimist/-/minimist-0.0.8.tgz#857fcabfc3397d2625b8228262e86aa7a011b05d"
  integrity sha1-hX/Kv8M5fSYluCKCYuhqp6ARsF0=

minimist@^1.2.0:
  version "1.2.0"
  resolved "https://registry.yarnpkg.com/minimist/-/minimist-1.2.0.tgz#a35008b20f41383eec1fb914f4cd5df79a264284"
  integrity sha1-o1AIsg9BOD7sH7kU9M1d95omQoQ=

mkdirp@^0.5.1:
  version "0.5.1"
  resolved "https://registry.yarnpkg.com/mkdirp/-/mkdirp-0.5.1.tgz#30057438eac6cf7f8c4767f38648d6697d75c903"
  integrity sha1-MAV0OOrGz3+MR2fzhkjWaX11yQM=
  dependencies:
    minimist "0.0.8"

moo@0.5.0:
  version "0.5.0"
  resolved "https://registry.yarnpkg.com/moo/-/moo-0.5.0.tgz#72f949e6735aeb27d07eb7c087ea5a70143c56e5"
  integrity sha512-AMv6iqhTEd5vT/cQlH6cammKS5ekyHhyqTRKi5zKMWl1RTyFnQ3ohPSBNSm8ySe2wlxSKwDonr9D5ZT44mdO3g==

moo@^0.4.3:
  version "0.4.3"
  resolved "https://registry.yarnpkg.com/moo/-/moo-0.4.3.tgz#3f847a26f31cf625a956a87f2b10fbc013bfd10e"
  integrity sha512-gFD2xGCl8YFgGHsqJ9NKRVdwlioeW3mI1iqfLNYQOv0+6JRwG58Zk9DIGQgyIaffSYaO1xsKnMaYzzNr1KyIAw==

nan@2.13.2:
  version "2.13.2"
  resolved "https://registry.yarnpkg.com/nan/-/nan-2.13.2.tgz#f51dc7ae66ba7d5d55e1e6d4d8092e802c9aefe7"
  integrity sha512-TghvYc72wlMGMVMluVo9WRJc0mB8KxxF/gZ4YYFy7V2ZQX9l7rgbPg7vjS9mt6U5HXODVFVI2bOduCzwOMv/lw==

nan@^2.13.2:
  version "2.14.0"
  resolved "https://registry.yarnpkg.com/nan/-/nan-2.14.0.tgz#7818f722027b2459a86f0295d434d1fc2336c52c"
  integrity sha512-INOFj37C7k3AfaNTtX8RhsTw7qRy7eLET14cROi9+5HAVbbHuIWUHEauBv5qT4Av2tWasiTY1Jw6puUNqRJXQg==

napi-build-utils@^1.0.1:
  version "1.0.1"
  resolved "https://registry.yarnpkg.com/napi-build-utils/-/napi-build-utils-1.0.1.tgz#1381a0f92c39d66bf19852e7873432fc2123e508"
  integrity sha512-boQj1WFgQH3v4clhu3mTNfP+vOBxorDlE8EKiMjUlLG3C4qAESnn9AxIOkFgTR2c9LtzNjPrjS60cT27ZKBhaA==

nearley@2.18.0:
  version "2.18.0"
  resolved "https://registry.yarnpkg.com/nearley/-/nearley-2.18.0.tgz#a9193612dd6d528a2e47e743b1dc694cfe105223"
  integrity sha512-/zQOMCeJcioI0xJtd5RpBiWw2WP7wLe6vq8/3Yu0rEwgus/G/+pViX80oA87JdVgjRt2895mZSv2VfZmy4W1uw==
  dependencies:
    commander "^2.19.0"
    moo "^0.4.3"
    railroad-diagrams "^1.0.0"
    randexp "0.4.6"
    semver "^5.4.1"

node-abi@^2.7.0:
  version "2.11.0"
  resolved "https://registry.yarnpkg.com/node-abi/-/node-abi-2.11.0.tgz#b7dce18815057544a049be5ae75cd1fdc2e9ea59"
  integrity sha512-kuy/aEg75u40v378WRllQ4ZexaXJiCvB68D2scDXclp/I4cRq6togpbOoKhmN07tns9Zldu51NNERo0wehfX9g==
  dependencies:
    semver "^5.4.1"

node-fetch@^2.6.0:
  version "2.6.0"
  resolved "https://registry.yarnpkg.com/node-fetch/-/node-fetch-2.6.0.tgz#e633456386d4aa55863f676a7ab0daa8fdecb0fd"
  integrity sha512-8dG4H5ujfvFiqDmVu9fQ5bOHUC15JMjMY/Zumv26oOvvVJjM67KF8koCWIabKQ1GJIa9r2mMZscBq/TbdOcmNA==

node-hid@^0.7.2:
  version "0.7.9"
  resolved "https://registry.yarnpkg.com/node-hid/-/node-hid-0.7.9.tgz#cc0cdf1418a286a7667f0b63642b5eeb544ccd05"
  integrity sha512-vJnonTqmq3frCyTumJqG4g2IZcny3ynkfmbfDfQ90P3ZhRzcWYS/Um1ux6HFmAxmkaQnrZqIYHcGpL7kdqY8jA==
  dependencies:
    bindings "^1.5.0"
    nan "^2.13.2"
    prebuild-install "^5.3.0"

noop-logger@^0.1.1:
  version "0.1.1"
  resolved "https://registry.yarnpkg.com/noop-logger/-/noop-logger-0.1.1.tgz#94a2b1633c4f1317553007d8966fd0e841b6a4c2"
  integrity sha1-lKKxYzxPExdVMAfYlm/Q6EG2pMI=

npmlog@^4.0.1:
  version "4.1.2"
  resolved "https://registry.yarnpkg.com/npmlog/-/npmlog-4.1.2.tgz#08a7f2a8bf734604779a9efa4ad5cc717abb954b"
  integrity sha512-2uUqazuKlTaSI/dC8AzicUck7+IrEaOnN/e0jd3Xtt1KcGpwx30v50mL7oPyr/h9bL3E4aZccVwpwP+5W9Vjkg==
  dependencies:
    are-we-there-yet "~1.1.2"
    console-control-strings "~1.1.0"
    gauge "~2.7.3"
    set-blocking "~2.0.0"

number-is-nan@^1.0.0:
  version "1.0.1"
  resolved "https://registry.yarnpkg.com/number-is-nan/-/number-is-nan-1.0.1.tgz#097b602b53422a522c1afb8790318336941a011d"
  integrity sha1-CXtgK1NCKlIsGvuHkDGDNpQaAR0=

object-assign@^4.1.0:
  version "4.1.1"
  resolved "https://registry.yarnpkg.com/object-assign/-/object-assign-4.1.1.tgz#2109adc7965887cfc05cbbd442cac8bfbb360863"
  integrity sha1-IQmtx5ZYh8/AXLvUQsrIv7s2CGM=

once@^1.3.1, once@^1.4.0:
  version "1.4.0"
  resolved "https://registry.yarnpkg.com/once/-/once-1.4.0.tgz#583b1aa775961d4b113ac17d9c50baef9dd76bd1"
  integrity sha1-WDsap3WWHUsROsF9nFC6753Xa9E=
  dependencies:
    wrappy "1"

pbkdf2@^3.0.9:
  version "3.0.17"
  resolved "https://registry.yarnpkg.com/pbkdf2/-/pbkdf2-3.0.17.tgz#976c206530617b14ebb32114239f7b09336e93a6"
  integrity sha512-U/il5MsrZp7mGg3mSQfn742na2T+1/vHDCG5/iTI3X9MKUuYUZVLQhyRsg06mCgDBTd57TxzgZt7P+fYfjRLtA==
  dependencies:
    create-hash "^1.1.2"
    create-hmac "^1.1.4"
    ripemd160 "^2.0.1"
    safe-buffer "^5.0.1"
    sha.js "^2.4.8"

prebuild-install@^5.2.4, prebuild-install@^5.3.0:
  version "5.3.2"
  resolved "https://registry.yarnpkg.com/prebuild-install/-/prebuild-install-5.3.2.tgz#6392e9541ac0b879ef0f22b3d65037417eb2035e"
  integrity sha512-INDfXzTPnhT+WYQemqnAXlP7SvfiFMopMozSgXCZ+RDLb279gKfIuLk4o7PgEawLp3WrMgIYGBpkxpraROHsSA==
  dependencies:
    detect-libc "^1.0.3"
    expand-template "^2.0.3"
    github-from-package "0.0.0"
    minimist "^1.2.0"
    mkdirp "^0.5.1"
    napi-build-utils "^1.0.1"
    node-abi "^2.7.0"
    noop-logger "^0.1.1"
    npmlog "^4.0.1"
    pump "^3.0.0"
    rc "^1.2.7"
    simple-get "^3.0.3"
    tar-fs "^2.0.0"
    tunnel-agent "^0.6.0"
    which-pm-runs "^1.0.0"

process-nextick-args@~2.0.0:
  version "2.0.1"
  resolved "https://registry.yarnpkg.com/process-nextick-args/-/process-nextick-args-2.0.1.tgz#7820d9b16120cc55ca9ae7792680ae7dba6d7fe2"
  integrity sha512-3ouUOpQhtgrbOa17J7+uxOTpITYWaGP7/AhoR3+A+/1e9skrzelGi/dXzEYyvbxubEF6Wn2ypscTKiKJFFn1ag==

pump@^3.0.0:
  version "3.0.0"
  resolved "https://registry.yarnpkg.com/pump/-/pump-3.0.0.tgz#b4a2116815bde2f4e1ea602354e8c75565107a64"
  integrity sha512-LwZy+p3SFs1Pytd/jYct4wpv49HiYCqd9Rlc5ZVdk0V+8Yzv6jR5Blk3TRmPL1ft69TxP0IMZGJ+WPFU2BFhww==
  dependencies:
    end-of-stream "^1.1.0"
    once "^1.3.1"

punycode@1.3.2:
  version "1.3.2"
  resolved "https://registry.yarnpkg.com/punycode/-/punycode-1.3.2.tgz#9653a036fb7c1ee42342f2325cceefea3926c48d"
  integrity sha1-llOgNvt8HuQjQvIyXM7v6jkmxI0=

querystring@0.2.0:
  version "0.2.0"
  resolved "https://registry.yarnpkg.com/querystring/-/querystring-0.2.0.tgz#b209849203bb25df820da756e747005878521620"
  integrity sha1-sgmEkgO7Jd+CDadW50cAWHhSFiA=

railroad-diagrams@^1.0.0:
  version "1.0.0"
  resolved "https://registry.yarnpkg.com/railroad-diagrams/-/railroad-diagrams-1.0.0.tgz#eb7e6267548ddedfb899c1b90e57374559cddb7e"
  integrity sha1-635iZ1SN3t+4mcG5Dlc3RVnN234=

randexp@0.4.6:
  version "0.4.6"
  resolved "https://registry.yarnpkg.com/randexp/-/randexp-0.4.6.tgz#e986ad5e5e31dae13ddd6f7b3019aa7c87f60ca3"
  integrity sha512-80WNmd9DA0tmZrw9qQa62GPPWfuXJknrmVmLcxvq4uZBdYqb1wYoKTmnlGUchvVWe0XiLupYkBoXVOxz3C8DYQ==
  dependencies:
    discontinuous-range "1.0.0"
    ret "~0.1.10"

randombytes@^2.0.1:
  version "2.1.0"
  resolved "https://registry.yarnpkg.com/randombytes/-/randombytes-2.1.0.tgz#df6f84372f0270dc65cdf6291349ab7a473d4f2a"
  integrity sha512-vYl3iOX+4CKUWuxGi9Ukhie6fsqXqS9FE2Zaic4tNFD2N2QQaXOMFbuKK4QmDHC0JO6B1Zp41J0LpT0oR68amQ==
  dependencies:
    safe-buffer "^5.1.0"

rc@^1.2.7:
  version "1.2.8"
  resolved "https://registry.yarnpkg.com/rc/-/rc-1.2.8.tgz#cd924bf5200a075b83c188cd6b9e211b7fc0d3ed"
  integrity sha512-y3bGgqKj3QBdxLbLkomlohkvsA8gdAiUQlSBJnBhfn+BPxg4bc62d8TcBW15wavDfgexCgccckhcZvywyQYPOw==
  dependencies:
    deep-extend "^0.6.0"
    ini "~1.3.0"
    minimist "^1.2.0"
    strip-json-comments "~2.0.1"

readable-stream@^2.0.6:
  version "2.3.6"
  resolved "https://registry.yarnpkg.com/readable-stream/-/readable-stream-2.3.6.tgz#b11c27d88b8ff1fbe070643cf94b0c79ae1b0aaf"
  integrity sha512-tQtKA9WIAhBF3+VLAseyMqZeBjW0AHJoxOtYqSUZNJxauErmLbVm2FW1y+J/YA9dUrAC39ITejlZWhVIwawkKw==
  dependencies:
    core-util-is "~1.0.0"
    inherits "~2.0.3"
    isarray "~1.0.0"
    process-nextick-args "~2.0.0"
    safe-buffer "~5.1.1"
    string_decoder "~1.1.1"
    util-deprecate "~1.0.1"

readable-stream@^3.0.1, readable-stream@^3.1.1:
  version "3.4.0"
  resolved "https://registry.yarnpkg.com/readable-stream/-/readable-stream-3.4.0.tgz#a51c26754658e0a3c21dbf59163bd45ba6f447fc"
  integrity sha512-jItXPLmrSR8jmTRmRWJXCnGJsfy85mB3Wd/uINMXA65yrnFo0cPClFIUWzo2najVNSl+mx7/4W8ttlLWJe99pQ==
  dependencies:
    inherits "^2.0.3"
    string_decoder "^1.1.1"
    util-deprecate "^1.0.1"

regenerator-runtime@^0.11.0:
  version "0.11.1"
  resolved "https://registry.yarnpkg.com/regenerator-runtime/-/regenerator-runtime-0.11.1.tgz#be05ad7f9bf7d22e056f9726cee5017fbf19e2e9"
  integrity sha512-MguG95oij0fC3QV3URf4V2SDYGJhJnJGqvIIgdECeODCT98wSWDAJ94SSuVpYQUoTcGUIL6L4yNB7j1DFFHSBg==

ret@~0.1.10:
  version "0.1.15"
  resolved "https://registry.yarnpkg.com/ret/-/ret-0.1.15.tgz#b8a4825d5bdb1fc3f6f53c2bc33f81388681c7bc"
  integrity sha512-TTlYpa+OL+vMMNG24xSlQGEJ3B/RzEfUlLct7b5G/ytav+wPrplCpVMFuwzXbkecJrb6IYo1iFb0S9v37754mg==

ripemd160@^2.0.0, ripemd160@^2.0.1:
  version "2.0.2"
  resolved "https://registry.yarnpkg.com/ripemd160/-/ripemd160-2.0.2.tgz#a1c1a6f624751577ba5d07914cbc92850585890c"
  integrity sha512-ii4iagi25WusVoiC4B4lq7pbXfAp3D9v5CwfkY33vffw2+pkDjY1D8GaN7spsxvCSx8dkPqOZCEZyfxcmJG2IA==
  dependencies:
    hash-base "^3.0.0"
    inherits "^2.0.1"

rxjs@^6.5.3:
  version "6.5.3"
  resolved "https://registry.yarnpkg.com/rxjs/-/rxjs-6.5.3.tgz#510e26317f4db91a7eb1de77d9dd9ba0a4899a3a"
  integrity sha512-wuYsAYYFdWTAnAaPoKGNhfpWwKZbJW+HgAJ+mImp+Epl7BG8oNWBCTyRM8gba9k4lk8BgWdoYm21Mo/RYhhbgA==
  dependencies:
    tslib "^1.9.0"

safe-buffer@^5.0.1, safe-buffer@^5.1.0, safe-buffer@^5.1.2, safe-buffer@~5.2.0:
  version "5.2.0"
  resolved "https://registry.yarnpkg.com/safe-buffer/-/safe-buffer-5.2.0.tgz#b74daec49b1148f88c64b68d49b1e815c1f2f519"
  integrity sha512-fZEwUGbVl7kouZs1jCdMLdt95hdIv0ZeHg6L7qPeciMZhZ+/gdesW4wgTARkrFWEpspjEATAzUGPG8N2jJiwbg==

safe-buffer@~5.1.0, safe-buffer@~5.1.1:
  version "5.1.2"
  resolved "https://registry.yarnpkg.com/safe-buffer/-/safe-buffer-5.1.2.tgz#991ec69d296e0313747d59bdfd2b745c35f8828d"
  integrity sha512-Gd2UZBJDkXlY7GbJxfsE8/nvKkUEU1G38c1siN6QP6a9PT9MmHB8GnpscSmMJSoF8LOIrt8ud/wPtojys4G6+g==

sax@1.2.1:
  version "1.2.1"
  resolved "https://registry.yarnpkg.com/sax/-/sax-1.2.1.tgz#7b8e656190b228e81a66aea748480d828cd2d37a"
  integrity sha1-e45lYZCyKOgaZq6nSEgNgozS03o=

sax@>=0.6.0:
  version "1.2.4"
  resolved "https://registry.yarnpkg.com/sax/-/sax-1.2.4.tgz#2816234e2378bddc4e5354fab5caa895df7100d9"
  integrity sha512-NqVDv9TpANUjFm0N8uM5GxL36UgKi9/atZw+x7YFnQ8ckwFGKrl4xX4yWtrey3UJm5nP1kUbnYgLopqWNSRhWw==

semver@^5.4.1:
  version "5.7.1"
  resolved "https://registry.yarnpkg.com/semver/-/semver-5.7.1.tgz#a954f931aeba508d307bbf069eff0c01c96116f7"
  integrity sha512-sauaDf/PZdVgrLTNYHRtpXa1iRiKcaebiKQ1BJdpQlWH2lCvexQdX55snPFyK7QzpudqbCI0qXFfOasHdyNDGQ==

set-blocking@~2.0.0:
  version "2.0.0"
  resolved "https://registry.yarnpkg.com/set-blocking/-/set-blocking-2.0.0.tgz#045f9782d011ae9a6803ddd382b24392b3d890f7"
  integrity sha1-BF+XgtARrppoA93TgrJDkrPYkPc=

sha.js@^2.4.0, sha.js@^2.4.8:
  version "2.4.11"
  resolved "https://registry.yarnpkg.com/sha.js/-/sha.js-2.4.11.tgz#37a5cf0b81ecbc6943de109ba2960d1b26584ae7"
  integrity sha512-QMEp5B7cftE7APOjk5Y6xgrbWu+WkLVQwk8JNjZ8nKRciZaByEW6MubieAiToS7+dwvrjGhH8jRXz3MVd0AYqQ==
  dependencies:
    inherits "^2.0.1"
    safe-buffer "^5.0.1"

signal-exit@^3.0.0:
  version "3.0.2"
  resolved "https://registry.yarnpkg.com/signal-exit/-/signal-exit-3.0.2.tgz#b5fdc08f1287ea1178628e415e25132b73646c6d"
  integrity sha1-tf3AjxKH6hF4Yo5BXiUTK3NkbG0=

simple-concat@^1.0.0:
  version "1.0.0"
  resolved "https://registry.yarnpkg.com/simple-concat/-/simple-concat-1.0.0.tgz#7344cbb8b6e26fb27d66b2fc86f9f6d5997521c6"
  integrity sha1-c0TLuLbib7J9ZrL8hvn21Zl1IcY=

simple-get@^3.0.3:
  version "3.1.0"
  resolved "https://registry.yarnpkg.com/simple-get/-/simple-get-3.1.0.tgz#b45be062435e50d159540b576202ceec40b9c6b3"
  integrity sha512-bCR6cP+aTdScaQCnQKbPKtJOKDp/hj9EDLJo3Nw4y1QksqaovlW/bnptB6/c1e+qmNIDHRK+oXFDdEqBT8WzUA==
  dependencies:
    decompress-response "^4.2.0"
    once "^1.3.1"
    simple-concat "^1.0.0"

string-width@^1.0.1:
  version "1.0.2"
  resolved "https://registry.yarnpkg.com/string-width/-/string-width-1.0.2.tgz#118bdf5b8cdc51a2a7e70d211e07e2b0b9b107d3"
  integrity sha1-EYvfW4zcUaKn5w0hHgfisLmxB9M=
  dependencies:
    code-point-at "^1.0.0"
    is-fullwidth-code-point "^1.0.0"
    strip-ansi "^3.0.0"

"string-width@^1.0.2 || 2":
  version "2.1.1"
  resolved "https://registry.yarnpkg.com/string-width/-/string-width-2.1.1.tgz#ab93f27a8dc13d28cac815c462143a6d9012ae9e"
  integrity sha512-nOqH59deCq9SRHlxq1Aw85Jnt4w6KvLKqWVik6oA9ZklXLNIOlqg4F2yrT1MVaTjAqvVwdfeZ7w7aCvJD7ugkw==
  dependencies:
    is-fullwidth-code-point "^2.0.0"
    strip-ansi "^4.0.0"

string_decoder@^1.1.1:
  version "1.3.0"
  resolved "https://registry.yarnpkg.com/string_decoder/-/string_decoder-1.3.0.tgz#42f114594a46cf1a8e30b0a84f56c78c3edac21e"
  integrity sha512-hkRX8U1WjJFd8LsDJ2yQ/wWWxaopEsABU1XfkM8A+j0+85JAGppt16cr1Whg6KIbb4okU6Mql6BOj+uup/wKeA==
  dependencies:
    safe-buffer "~5.2.0"

string_decoder@~1.1.1:
  version "1.1.1"
  resolved "https://registry.yarnpkg.com/string_decoder/-/string_decoder-1.1.1.tgz#9cf1611ba62685d7030ae9e4ba34149c3af03fc8"
  integrity sha512-n/ShnvDi6FHbbVfviro+WojiFzv+s8MPMHBczVePfUpDJLwoLT0ht1l4YwBCbi8pJAveEEdnkHyPyTP/mzRfwg==
  dependencies:
    safe-buffer "~5.1.0"

strip-ansi@^3.0.0, strip-ansi@^3.0.1:
  version "3.0.1"
  resolved "https://registry.yarnpkg.com/strip-ansi/-/strip-ansi-3.0.1.tgz#6a385fb8853d952d5ff05d0e8aaf94278dc63dcf"
  integrity sha1-ajhfuIU9lS1f8F0Oiq+UJ43GPc8=
  dependencies:
    ansi-regex "^2.0.0"

strip-ansi@^4.0.0:
  version "4.0.0"
  resolved "https://registry.yarnpkg.com/strip-ansi/-/strip-ansi-4.0.0.tgz#a8479022eb1ac368a871389b635262c505ee368f"
  integrity sha1-qEeQIusaw2iocTibY1JixQXuNo8=
  dependencies:
    ansi-regex "^3.0.0"

strip-json-comments@~2.0.1:
  version "2.0.1"
  resolved "https://registry.yarnpkg.com/strip-json-comments/-/strip-json-comments-2.0.1.tgz#3c531942e908c2697c0ec344858c286c7ca0a60a"
  integrity sha1-PFMZQukIwml8DsNEhYwobHygpgo=

tar-fs@^2.0.0:
  version "2.0.0"
  resolved "https://registry.yarnpkg.com/tar-fs/-/tar-fs-2.0.0.tgz#677700fc0c8b337a78bee3623fdc235f21d7afad"
  integrity sha512-vaY0obB6Om/fso8a8vakQBzwholQ7v5+uy+tF3Ozvxv1KNezmVQAiWtcNmMHFSFPqL3dJA8ha6gdtFbfX9mcxA==
  dependencies:
    chownr "^1.1.1"
    mkdirp "^0.5.1"
    pump "^3.0.0"
    tar-stream "^2.0.0"

tar-stream@^2.0.0:
  version "2.1.0"
  resolved "https://registry.yarnpkg.com/tar-stream/-/tar-stream-2.1.0.tgz#d1aaa3661f05b38b5acc9b7020efdca5179a2cc3"
  integrity sha512-+DAn4Nb4+gz6WZigRzKEZl1QuJVOLtAwwF+WUxy1fJ6X63CaGaUAxJRD2KEn1OMfcbCjySTYpNC6WmfQoIEOdw==
  dependencies:
    bl "^3.0.0"
    end-of-stream "^1.4.1"
    fs-constants "^1.0.0"
    inherits "^2.0.3"
    readable-stream "^3.1.1"

tslib@^1.9.0:
  version "1.10.0"
  resolved "https://registry.yarnpkg.com/tslib/-/tslib-1.10.0.tgz#c3c19f95973fb0a62973fb09d90d961ee43e5c8a"
  integrity sha512-qOebF53frne81cf0S9B41ByenJ3/IuH8yJKngAX35CmiZySA0khhkovshKK+jGCaMnVomla7gVlIcc3EvKPbTQ==

tunnel-agent@^0.6.0:
  version "0.6.0"
  resolved "https://registry.yarnpkg.com/tunnel-agent/-/tunnel-agent-0.6.0.tgz#27a5dea06b36b04a0a9966774b290868f0fc40fd"
  integrity sha1-J6XeoGs2sEoKmWZ3SykIaPD8QP0=
  dependencies:
    safe-buffer "^5.0.1"

url@0.10.3:
  version "0.10.3"
  resolved "https://registry.yarnpkg.com/url/-/url-0.10.3.tgz#021e4d9c7705f21bbf37d03ceb58767402774c64"
  integrity sha1-Ah5NnHcF8hu/N9A861h2dAJ3TGQ=
  dependencies:
    punycode "1.3.2"
    querystring "0.2.0"

usb@^1.3.3:
  version "1.6.0"
  resolved "https://registry.yarnpkg.com/usb/-/usb-1.6.0.tgz#bc5d4decf4ffca32d1136717edcf73366137a789"
  integrity sha512-52DyWlCk9K+iw3LnvY95WXSnpHjxJoI++aGkV8HiMNPc4zmvDQlYvWAzrkbJ2JH3oUcx26XfU5sZcG4RAcVkMg==
  dependencies:
    bindings "^1.4.0"
    nan "2.13.2"
    prebuild-install "^5.2.4"

util-deprecate@^1.0.1, util-deprecate@~1.0.1:
  version "1.0.2"
  resolved "https://registry.yarnpkg.com/util-deprecate/-/util-deprecate-1.0.2.tgz#450d4dc9fa70de732762fbd2d4a28981419a0ccf"
  integrity sha1-RQ1Nyfpw3nMnYvvS1KKJgUGaDM8=

uuid@3.3.2:
  version "3.3.2"
  resolved "https://registry.yarnpkg.com/uuid/-/uuid-3.3.2.tgz#1b4af4955eb3077c501c23872fc6513811587131"
  integrity sha512-yXJmeNaw3DnnKAOKJE51sL/ZaYfWJRl1pK9dr19YFCu0ObS231AB1/LbqTKRAQ5kw8A90rA6fr4riOUpTZvQZA==

which-pm-runs@^1.0.0:
  version "1.0.0"
  resolved "https://registry.yarnpkg.com/which-pm-runs/-/which-pm-runs-1.0.0.tgz#670b3afbc552e0b55df6b7780ca74615f23ad1cb"
  integrity sha1-Zws6+8VS4LVd9rd4DKdGFfI60cs=

wide-align@^1.1.0:
  version "1.1.3"
  resolved "https://registry.yarnpkg.com/wide-align/-/wide-align-1.1.3.tgz#ae074e6bdc0c14a431e804e624549c633b000457"
  integrity sha512-QGkOQc8XL6Bt5PwnsExKBPuMKBxnGxWWW3fU55Xt4feHozMUhdUMaBCk290qpm/wG5u/RSKzwdAC4i51YigihA==
  dependencies:
    string-width "^1.0.2 || 2"

wrappy@1:
  version "1.0.2"
  resolved "https://registry.yarnpkg.com/wrappy/-/wrappy-1.0.2.tgz#b5243d8f3ec1aa35f1364605bc0d1036e30ab69f"
  integrity sha1-tSQ9jz7BqjXxNkYFvA0QNuMKtp8=

xml2js@0.4.19:
  version "0.4.19"
  resolved "https://registry.yarnpkg.com/xml2js/-/xml2js-0.4.19.tgz#686c20f213209e94abf0d1bcf1efaa291c7827a7"
  integrity sha512-esZnJZJOiJR9wWKMyuvSE1y6Dq5LCuJanqhxslH2bxM6duahNZ+HMpCLhBQGZkbX6xRf8x1Y2eJlgt2q3qo49Q==
  dependencies:
    sax ">=0.6.0"
    xmlbuilder "~9.0.1"

xmlbuilder@~9.0.1:
  version "9.0.7"
  resolved "https://registry.yarnpkg.com/xmlbuilder/-/xmlbuilder-9.0.7.tgz#132ee63d2ec5565c557e20f4c22df9aca686b10d"
  integrity sha1-Ey7mPS7FVlxVfiD0wi35rKaGsQ0=

zxcvbn@^4.4.2:
  version "4.4.2"
  resolved "https://registry.yarnpkg.com/zxcvbn/-/zxcvbn-4.4.2.tgz#28ec17cf09743edcab056ddd8b1b06262cc73c30"
  integrity sha1-KOwXzwl0PtyrBW3dixsGJizHPDA=
